
Microsoft Visual Studio Solution File, Format Version 12.00
# Visual Studio Version 17
VisualStudioVersion = 17.13.35825.156 d17.13
MinimumVisualStudioVersion = 10.0.40219.1
Project("{FAE04EC0-301F-11D3-BF4B-00C04F79EFBC}") = "ConsoleUI", "ConsoleUI\ConsoleUI.csproj", "{B321F8E8-9EEF-43E8-93C3-DD1DDDB0AA60}"
EndProject
Global
	GlobalSection(SolutionConfigurationPlatforms) = preSolution
		Debug|Any CPU = Debug|Any CPU
		Release|Any CPU = Release|Any CPU
	EndGlobalSection
	GlobalSection(ProjectConfigurationPlatforms) = postSolution
		{B321F8E8-9EEF-43E8-93C3-DD1DDDB0AA60}.Debug|Any CPU.ActiveCfg = Debug|Any CPU
		{B321F8E8-9EEF-43E8-93C3-DD1DDDB0AA60}.Debug|Any CPU.Build.0 = Debug|Any CPU
		{B321F8E8-9EEF-43E8-93C3-DD1DDDB0AA60}.Release|Any CPU.ActiveCfg = Release|Any CPU
		{B321F8E8-9EEF-43E8-93C3-DD1DDDB0AA60}.Release|Any CPU.Build.0 = Release|Any CPU
	EndGlobalSection
	GlobalSection(SolutionProperties) = preSolution
		HideSolutionNode = FALSE
	EndGlobalSection
	GlobalSection(ExtensibilityGlobals) = postSolution
		SolutionGuid = {28A4291D-0C92-420D-912B-14F25D85E420}
	EndGlobalSection
EndGlobal
